
Microsoft Visual Studio Solution File, Format Version 12.00
# Visual Studio Version 16
VisualStudioVersion = 16.0.30225.117
MinimumVisualStudioVersion = 10.0.40219.1
Project("{FAE04EC0-301F-11D3-BF4B-00C04F79EFBC}") = "Space_Invaders", "Space_Invaders\Space_Invaders.csproj", "{FA168A6B-5BAF-41AC-A6B4-28AD34020E2F}"
EndProject
Global
	GlobalSection(SolutionConfigurationPlatforms) = preSolution
		Debug|Any CPU = Debug|Any CPU
		Release|Any CPU = Release|Any CPU
	EndGlobalSection
	GlobalSection(ProjectConfigurationPlatforms) = postSolution
		{FA168A6B-5BAF-41AC-A6B4-28AD34020E2F}.Debug|Any CPU.ActiveCfg = Debug|Any CPU
		{FA168A6B-5BAF-41AC-A6B4-28AD34020E2F}.Debug|Any CPU.Build.0 = Debug|Any CPU
		{FA168A6B-5BAF-41AC-A6B4-28AD34020E2F}.Release|Any CPU.ActiveCfg = Release|Any CPU
		{FA168A6B-5BAF-41AC-A6B4-28AD34020E2F}.Release|Any CPU.Build.0 = Release|Any CPU
	EndGlobalSection
	GlobalSection(SolutionProperties) = preSolution
		HideSolutionNode = FALSE
	EndGlobalSection
	GlobalSection(ExtensibilityGlobals) = postSolution
		SolutionGuid = {F563B6EC-9FE7-4644-9EAC-AFFA587A06F6}
	EndGlobalSection
EndGlobal
